// !$*UTF8*$!
{
	archiveVersion = 1;
	classes = {
	};
	objectVersion = 46;
	objects = {

/* Begin PBXBuildFile section */
		3FF1CF3A1B2FD1E8002F18B1 /* AppDelegate.swift in Sources */ = {isa = PBXBuildFile; fileRef = 3FF1CF391B2FD1E8002F18B1 /* AppDelegate.swift */; };
		3FF1CF3C1B2FD1E8002F18B1 /* ViewController.swift in Sources */ = {isa = PBXBuildFile; fileRef = 3FF1CF3B1B2FD1E8002F18B1 /* ViewController.swift */; };
		3FF1CF3F1B2FD1E8002F18B1 /* Main.storyboard in Resources */ = {isa = PBXBuildFile; fileRef = 3FF1CF3D1B2FD1E8002F18B1 /* Main.storyboard */; };
		3FF1CF411B2FD1E8002F18B1 /* Images.xcassets in Resources */ = {isa = PBXBuildFile; fileRef = 3FF1CF401B2FD1E8002F18B1 /* Images.xcassets */; };
		3FF1CF441B2FD1E8002F18B1 /* LaunchScreen.xib in Resources */ = {isa = PBXBuildFile; fileRef = 3FF1CF421B2FD1E8002F18B1 /* LaunchScreen.xib */; };
		3FF1CF501B2FD1E8002F18B1 /* PermStoreTests.swift in Sources */ = {isa = PBXBuildFile; fileRef = 3FF1CF4F1B2FD1E8002F18B1 /* PermStoreTests.swift */; };
/* End PBXBuildFile section */

/* Begin PBXContainerItemProxy section */
		3FF1CF4A1B2FD1E8002F18B1 /* PBXContainerItemProxy */ = {
			isa = PBXContainerItemProxy;
			containerPortal = 3FF1CF2C1B2FD1E8002F18B1 /* Project object */;
			proxyType = 1;
			remoteGlobalIDString = 3FF1CF331B2FD1E8002F18B1;
			remoteInfo = PermStore;
		};
/* End PBXContainerItemProxy section */

/* Begin PBXFileReference section */
		3FF1CF341B2FD1E8002F18B1 /* PermStore.app */ = {isa = PBXFileReference; explicitFileType = wrapper.application; includeInIndex = 0; path = PermStore.app; sourceTree = BUILT_PRODUCTS_DIR; };
		3FF1CF381B2FD1E8002F18B1 /* Info.plist */ = {isa = PBXFileReference; lastKnownFileType = text.plist.xml; path = Info.plist; sourceTree = "<group>"; };
		3FF1CF391B2FD1E8002F18B1 /* AppDelegate.swift */ = {isa = PBXFileReference; lastKnownFileType = sourcecode.swift; path = AppDelegate.swift; sourceTree = "<group>"; };
		3FF1CF3B1B2FD1E8002F18B1 /* ViewController.swift */ = {isa = PBXFileReference; lastKnownFileType = sourcecode.swift; path = ViewController.swift; sourceTree = "<group>"; };
		3FF1CF3E1B2FD1E8002F18B1 /* Base */ = {isa = PBXFileReference; lastKnownFileType = file.storyboard; name = Base; path = Base.lproj/Main.storyboard; sourceTree = "<group>"; };
		3FF1CF401B2FD1E8002F18B1 /* Images.xcassets */ = {isa = PBXFileReference; lastKnownFileType = folder.assetcatalog; path = Images.xcassets; sourceTree = "<group>"; };
		3FF1CF431B2FD1E8002F18B1 /* Base */ = {isa = PBXFileReference; lastKnownFileType = file.xib; name = Base; path = Base.lproj/LaunchScreen.xib; sourceTree = "<group>"; };
		3FF1CF491B2FD1E8002F18B1 /* PermStoreTests.xctest */ = {isa = PBXFileReference; explicitFileType = wrapper.cfbundle; includeInIndex = 0; path = PermStoreTests.xctest; sourceTree = BUILT_PRODUCTS_DIR; };
		3FF1CF4E1B2FD1E8002F18B1 /* Info.plist */ = {isa = PBXFileReference; lastKnownFileType = text.plist.xml; path = Info.plist; sourceTree = "<group>"; };
		3FF1CF4F1B2FD1E8002F18B1 /* PermStoreTests.swift */ = {isa = PBXFileReference; lastKnownFileType = sourcecode.swift; path = PermStoreTests.swift; sourceTree = "<group>"; };
/* End PBXFileReference section */

/* Begin PBXFrameworksBuildPhase section */
		3FF1CF311B2FD1E8002F18B1 /* Frameworks */ = {
			isa = PBXFrameworksBuildPhase;
			buildActionMask = 2147483647;
			files = (
			);
			runOnlyForDeploymentPostprocessing = 0;
		};
		3FF1CF461B2FD1E8002F18B1 /* Frameworks */ = {
			isa = PBXFrameworksBuildPhase;
			buildActionMask = 2147483647;
			files = (
			);
			runOnlyForDeploymentPostprocessing = 0;
		};
/* End PBXFrameworksBuildPhase section */

/* Begin PBXGroup section */
		3FF1CF2B1B2FD1E8002F18B1 = {
			isa = PBXGroup;
			children = (
				3FF1CF361B2FD1E8002F18B1 /* PermStore */,
				3FF1CF4C1B2FD1E8002F18B1 /* PermStoreTests */,
				3FF1CF351B2FD1E8002F18B1 /* Products */,
			);
			sourceTree = "<group>";
		};
		3FF1CF351B2FD1E8002F18B1 /* Products */ = {
			isa = PBXGroup;
			children = (
				3FF1CF341B2FD1E8002F18B1 /* PermStore.app */,
				3FF1CF491B2FD1E8002F18B1 /* PermStoreTests.xctest */,
			);
			name = Products;
			sourceTree = "<group>";
		};
		3FF1CF361B2FD1E8002F18B1 /* PermStore */ = {
			isa = PBXGroup;
			children = (
				3FF1CF391B2FD1E8002F18B1 /* AppDelegate.swift */,
				3FF1CF3B1B2FD1E8002F18B1 /* ViewController.swift */,
				3FF1CF3D1B2FD1E8002F18B1 /* Main.storyboard */,
				3FF1CF401B2FD1E8002F18B1 /* Images.xcassets */,
				3FF1CF421B2FD1E8002F18B1 /* LaunchScreen.xib */,
				3FF1CF371B2FD1E8002F18B1 /* Supporting Files */,
			);
			path = PermStore;
			sourceTree = "<group>";
		};
		3FF1CF371B2FD1E8002F18B1 /* Supporting Files */ = {
			isa = PBXGroup;
			children = (
				3FF1CF381B2FD1E8002F18B1 /* Info.plist */,
			);
			name = "Supporting Files";
			sourceTree = "<group>";
		};
		3FF1CF4C1B2FD1E8002F18B1 /* PermStoreTests */ = {
			isa = PBXGroup;
			children = (
				3FF1CF4F1B2FD1E8002F18B1 /* PermStoreTests.swift */,
				3FF1CF4D1B2FD1E8002F18B1 /* Supporting Files */,
			);
			path = PermStoreTests;
			sourceTree = "<group>";
		};
		3FF1CF4D1B2FD1E8002F18B1 /* Supporting Files */ = {
			isa = PBXGroup;
			children = (
				3FF1CF4E1B2FD1E8002F18B1 /* Info.plist */,
			);
			name = "Supporting Files";
			sourceTree = "<group>";
		};
/* End PBXGroup section */

/* Begin PBXNativeTarget section */
		3FF1CF331B2FD1E8002F18B1 /* PermStore */ = {
			isa = PBXNativeTarget;
			buildConfigurationList = 3FF1CF531B2FD1E8002F18B1 /* Build configuration list for PBXNativeTarget "PermStore" */;
			buildPhases = (
				3FF1CF301B2FD1E8002F18B1 /* Sources */,
				3FF1CF311B2FD1E8002F18B1 /* Frameworks */,
				3FF1CF321B2FD1E8002F18B1 /* Resources */,
			);
			buildRules = (
			);
			dependencies = (
			);
			name = PermStore;
			productName = PermStore;
			productReference = 3FF1CF341B2FD1E8002F18B1 /* PermStore.app */;
			productType = "com.apple.product-type.application";
		};
		3FF1CF481B2FD1E8002F18B1 /* PermStoreTests */ = {
			isa = PBXNativeTarget;
			buildConfigurationList = 3FF1CF561B2FD1E8002F18B1 /* Build configuration list for PBXNativeTarget "PermStoreTests" */;
			buildPhases = (
				3FF1CF451B2FD1E8002F18B1 /* Sources */,
				3FF1CF461B2FD1E8002F18B1 /* Frameworks */,
				3FF1CF471B2FD1E8002F18B1 /* Resources */,
			);
			buildRules = (
			);
			dependencies = (
				3FF1CF4B1B2FD1E8002F18B1 /* PBXTargetDependency */,
			);
			name = PermStoreTests;
			productName = PermStoreTests;
			productReference = 3FF1CF491B2FD1E8002F18B1 /* PermStoreTests.xctest */;
			productType = "com.apple.product-type.bundle.unit-test";
		};
/* End PBXNativeTarget section */

/* Begin PBXProject section */
		3FF1CF2C1B2FD1E8002F18B1 /* Project object */ = {
			isa = PBXProject;
			attributes = {
				LastUpgradeCheck = 0630;
				ORGANIZATIONNAME = RodCo;
				TargetAttributes = {
					3FF1CF331B2FD1E8002F18B1 = {
						CreatedOnToolsVersion = 6.3.2;
					};
					3FF1CF481B2FD1E8002F18B1 = {
						CreatedOnToolsVersion = 6.3.2;
						TestTargetID = 3FF1CF331B2FD1E8002F18B1;
					};
				};
			};
			buildConfigurationList = 3FF1CF2F1B2FD1E8002F18B1 /* Build configuration list for PBXProject "PermStore" */;
			compatibilityVersion = "Xcode 3.2";
			developmentRegion = English;
			hasScannedForEncodings = 0;
			knownRegions = (
				en,
				Base,
			);
			mainGroup = 3FF1CF2B1B2FD1E8002F18B1;
			productRefGroup = 3FF1CF351B2FD1E8002F18B1 /* Products */;
			projectDirPath = "";
			projectRoot = "";
			targets = (
				3FF1CF331B2FD1E8002F18B1 /* PermStore */,
				3FF1CF481B2FD1E8002F18B1 /* PermStoreTests */,
			);
		};
/* End PBXProject section */

/* Begin PBXResourcesBuildPhase section */
		3FF1CF321B2FD1E8002F18B1 /* Resources */ = {
			isa = PBXResourcesBuildPhase;
			buildActionMask = 2147483647;
			files = (
				3FF1CF3F1B2FD1E8002F18B1 /* Main.storyboard in Resources */,
				3FF1CF441B2FD1E8002F18B1 /* LaunchScreen.xib in Resources */,
				3FF1CF411B2FD1E8002F18B1 /* Images.xcassets in Resources */,
			);
			runOnlyForDeploymentPostprocessing = 0;
		};
		3FF1CF471B2FD1E8002F18B1 /* Resources */ = {
			isa = PBXResourcesBuildPhase;
			buildActionMask = 2147483647;
			files = (
			);
			runOnlyForDeploymentPostprocessing = 0;
		};
/* End PBXResourcesBuildPhase section */

/* Begin PBXSourcesBuildPhase section */
		3FF1CF301B2FD1E8002F18B1 /* Sources */ = {
			isa = PBXSourcesBuildPhase;
			buildActionMask = 2147483647;
			files = (
				3FF1CF3C1B2FD1E8002F18B1 /* ViewController.swift in Sources */,
				3FF1CF3A1B2FD1E8002F18B1 /* AppDelegate.swift in Sources */,
			);
			runOnlyForDeploymentPostprocessing = 0;
		};
		3FF1CF451B2FD1E8002F18B1 /* Sources */ = {
			isa = PBXSourcesBuildPhase;
			buildActionMask = 2147483647;
			files = (
				3FF1CF501B2FD1E8002F18B1 /* PermStoreTests.swift in Sources */,
			);
			runOnlyForDeploymentPostprocessing = 0;
		};
/* End PBXSourcesBuildPhase section */

/* Begin PBXTargetDependency section */
		3FF1CF4B1B2FD1E8002F18B1 /* PBXTargetDependency */ = {
			isa = PBXTargetDependency;
			target = 3FF1CF331B2FD1E8002F18B1 /* PermStore */;
			targetProxy = 3FF1CF4A1B2FD1E8002F18B1 /* PBXContainerItemProxy */;
		};
/* End PBXTargetDependency section */

/* Begin PBXVariantGroup section */
		3FF1CF3D1B2FD1E8002F18B1 /* Main.storyboard */ = {
			isa = PBXVariantGroup;
			children = (
				3FF1CF3E1B2FD1E8002F18B1 /* Base */,
			);
			name = Main.storyboard;
			sourceTree = "<group>";
		};
		3FF1CF421B2FD1E8002F18B1 /* LaunchScreen.xib */ = {
			isa = PBXVariantGroup;
			children = (
				3FF1CF431B2FD1E8002F18B1 /* Base */,
			);
			name = LaunchScreen.xib;
			sourceTree = "<group>";
		};
/* End PBXVariantGroup section */

/* Begin XCBuildConfiguration section */
		3FF1CF511B2FD1E8002F18B1 /* Debug */ = {
			isa = XCBuildConfiguration;
			buildSettings = {
				ALWAYS_SEARCH_USER_PATHS = NO;
				CLANG_CXX_LANGUAGE_STANDARD = "gnu++0x";
				CLANG_CXX_LIBRARY = "libc++";
				CLANG_ENABLE_MODULES = YES;
				CLANG_ENABLE_OBJC_ARC = YES;
				CLANG_WARN_BOOL_CONVERSION = YES;
				CLANG_WARN_CONSTANT_CONVERSION = YES;
				CLANG_WARN_DIRECT_OBJC_ISA_USAGE = YES_ERROR;
				CLANG_WARN_EMPTY_BODY = YES;
				CLANG_WARN_ENUM_CONVERSION = YES;
				CLANG_WARN_INT_CONVERSION = YES;
				CLANG_WARN_OBJC_ROOT_CLASS = YES_ERROR;
				CLANG_WARN_UNREACHABLE_CODE = YES;
				CLANG_WARN__DUPLICATE_METHOD_MATCH = YES;
				"CODE_SIGN_IDENTITY[sdk=iphoneos*]" = "iPhone Developer";
				COPY_PHASE_STRIP = NO;
				DEBUG_INFORMATION_FORMAT = "dwarf-with-dsym";
				ENABLE_STRICT_OBJC_MSGSEND = YES;
				GCC_C_LANGUAGE_STANDARD = gnu99;
				GCC_DYNAMIC_NO_PIC = NO;
				GCC_NO_COMMON_BLOCKS = YES;
				GCC_OPTIMIZATION_LEVEL = 0;
				GCC_PREPROCESSOR_DEFINITIONS = (
					"DEBUG=1",
					"$(inherited)",
				);
				GCC_SYMBOLS_PRIVATE_EXTERN = NO;
				GCC_WARN_64_TO_32_BIT_CONVERSION = YES;
				GCC_WARN_ABOUT_RETURN_TYPE = YES_ERROR;
				GCC_WARN_UNDECLARED_SELECTOR = YES;
				GCC_WARN_UNINITIALIZED_AUTOS = YES_AGGRESSIVE;
				GCC_WARN_UNUSED_FUNCTION = YES;
				GCC_WARN_UNUSED_VARIABLE = YES;
				IPHONEOS_DEPLOYMENT_TARGET = 8.3;
				MTL_ENABLE_DEBUG_INFO = YES;
				ONLY_ACTIVE_ARCH = YES;
				SDKROOT = iphoneos;
				SWIFT_OPTIMIZATION_LEVEL = "-Onone";
			};
			name = Debug;
		};
		3FF1CF521B2FD1E8002F18B1 /* Release */ = {
			isa = XCBuildConfiguration;
			buildSettings = {
				ALWAYS_SEARCH_USER_PATHS = NO;
				CLANG_CXX_LANGUAGE_STANDARD = "gnu++0x";
				CLANG_CXX_LIBRARY = "libc++";
				CLANG_ENABLE_MODULES = YES;
				CLANG_ENABLE_OBJC_ARC = YES;
				CLANG_WARN_BOOL_CONVERSION = YES;
				CLANG_WARN_CONSTANT_CONVERSION = YES;
				CLANG_WARN_DIRECT_OBJC_ISA_USAGE = YES_ERROR;
				CLANG_WARN_EMPTY_BODY = YES;
				CLANG_WARN_ENUM_CONVERSION = YES;
				CLANG_WARN_INT_CONVERSION = YES;
				CLANG_WARN_OBJC_ROOT_CLASS = YES_ERROR;
				CLANG_WARN_UNREACHABLE_CODE = YES;
				CLANG_WARN__DUPLICATE_METHOD_MATCH = YES;
				"CODE_SIGN_IDENTITY[sdk=iphoneos*]" = "iPhone Developer";
				COPY_PHASE_STRIP = NO;
				DEBUG_INFORMATION_FORMAT = "dwarf-with-dsym";
				ENABLE_NS_ASSERTIONS = NO;
				ENABLE_STRICT_OBJC_MSGSEND = YES;
				GCC_C_LANGUAGE_STANDARD = gnu99;
				GCC_NO_COMMON_BLOCKS = YES;
				GCC_WARN_64_TO_32_BIT_CONVERSION = YES;
				GCC_WARN_ABOUT_RETURN_TYPE = YES_ERROR;
				GCC_WARN_UNDECLARED_SELECTOR = YES;
				GCC_WARN_UNINITIALIZED_AUTOS = YES_AGGRESSIVE;
				GCC_WARN_UNUSED_FUNCTION = YES;
				GCC_WARN_UNUSED_VARIABLE = YES;
				IPHONEOS_DEPLOYMENT_TARGET = 8.3;
				MTL_ENABLE_DEBUG_INFO = NO;
				SDKROOT = iphoneos;
				VALIDATE_PRODUCT = YES;
			};
			name = Release;
		};
		3FF1CF541B2FD1E8002F18B1 /* Debug */ = {
			isa = XCBuildConfiguration;
			buildSettings = {
				ASSETCATALOG_COMPILER_APPICON_NAME = AppIcon;
				INFOPLIST_FILE = PermStore/Info.plist;
				LD_RUNPATH_SEARCH_PATHS = "$(inherited) @executable_path/Frameworks";
				PRODUCT_NAME = "$(TARGET_NAME)";
			};
			name = Debug;
		};
		3FF1CF551B2FD1E8002F18B1 /* Release */ = {
			isa = XCBuildConfiguration;
			buildSettings = {
				ASSETCATALOG_COMPILER_APPICON_NAME = AppIcon;
				INFOPLIST_FILE = PermStore/Info.plist;
				LD_RUNPATH_SEARCH_PATHS = "$(inherited) @executable_path/Frameworks";
				PRODUCT_NAME = "$(TARGET_NAME)";
			};
			name = Release;
		};
		3FF1CF571B2FD1E8002F18B1 /* Debug */ = {
			isa = XCBuildConfiguration;
			buildSettings = {
				BUNDLE_LOADER = "$(TEST_HOST)";
				FRAMEWORK_SEARCH_PATHS = (
					"$(SDKROOT)/Developer/Library/Frameworks",
					"$(inherited)",
				);
				GCC_PREPROCESSOR_DEFINITIONS = (
					"DEBUG=1",
					"$(inherited)",
				);
				INFOPLIST_FILE = PermStoreTests/Info.plist;
				LD_RUNPATH_SEARCH_PATHS = "$(inherited) @executable_path/Frameworks @loader_path/Frameworks";
				PRODUCT_NAME = "$(TARGET_NAME)";
				TEST_HOST = "$(BUILT_PRODUCTS_DIR)/PermStore.app/PermStore";
			};
			name = Debug;
		};
		3FF1CF581B2FD1E8002F18B1 /* Release */ = {
			isa = XCBuildConfiguration;
			buildSettings = {
				BUNDLE_LOADER = "$(TEST_HOST)";
				FRAMEWORK_SEARCH_PATHS = (
					"$(SDKROOT)/Developer/Library/Frameworks",
					"$(inherited)",
				);
				INFOPLIST_FILE = PermStoreTests/Info.plist;
				LD_RUNPATH_SEARCH_PATHS = "$(inherited) @executable_path/Frameworks @loader_path/Frameworks";
				PRODUCT_NAME = "$(TARGET_NAME)";
				TEST_HOST = "$(BUILT_PRODUCTS_DIR)/PermStore.app/PermStore";
			};
			name = Release;
		};
/* End XCBuildConfiguration section */

/* Begin XCConfigurationList section */
		3FF1CF2F1B2FD1E8002F18B1 /* Build configuration list for PBXProject "PermStore" */ = {
			isa = XCConfigurationList;
			buildConfigurations = (
				3FF1CF511B2FD1E8002F18B1 /* Debug */,
				3FF1CF521B2FD1E8002F18B1 /* Release */,
			);
			defaultConfigurationIsVisible = 0;
			defaultConfigurationName = Release;
		};
		3FF1CF531B2FD1E8002F18B1 /* Build configuration list for PBXNativeTarget "PermStore" */ = {
			isa = XCConfigurationList;
			buildConfigurations = (
				3FF1CF541B2FD1E8002F18B1 /* Debug */,
				3FF1CF551B2FD1E8002F18B1 /* Release */,
			);
			defaultConfigurationIsVisible = 0;
		};
		3FF1CF561B2FD1E8002F18B1 /* Build configuration list for PBXNativeTarget "PermStoreTests" */ = {
			isa = XCConfigurationList;
			buildConfigurations = (
				3FF1CF571B2FD1E8002F18B1 /* Debug */,
				3FF1CF581B2FD1E8002F18B1 /* Release */,
			);
			defaultConfigurationIsVisible = 0;
		};
/* End XCConfigurationList section */
	};
	rootObject = 3FF1CF2C1B2FD1E8002F18B1 /* Project object */;
}
